{
  "name": "typescript-language-server-bin",
  "version": "1.0.0",
  "lockfileVersion": 1,
  "requires": true,
  "dependencies": {
    "command-exists": {
      "version": "1.2.6",
      "resolved": "https://registry.npmjs.org/command-exists/-/command-exists-1.2.6.tgz",
      "integrity": "sha512-Qst/zUUNmS/z3WziPxyqjrcz09pm+2Knbs5mAZL4VAE0sSrNY1/w8+/YxeHcoBTsO6iojA6BW7eFf27Eg2MRuw==",
      "dev": true
    },
    "commander": {
      "version": "2.19.0",
      "resolved": "https://registry.npmjs.org/commander/-/commander-2.19.0.tgz",
      "integrity": "sha512-6tvAOO+D6OENvRAh524Dh9jcfKTYDQAqvqezbCW82xj5X0pSrcpxtvRKHLG0yBY6SD7PSDrJaj+0AiOcKVd1Xg==",
      "dev": true
    },
    "crypto-random-string": {
      "version": "1.0.0",
      "resolved": "https://registry.npmjs.org/crypto-random-string/-/crypto-random-string-1.0.0.tgz",
      "integrity": "sha1-ojD2T1aDEOFJgAmUB5DsmVRbyn4=",
      "dev": true
    },
    "fs-extra": {
      "version": "7.0.0",
      "resolved": "https://registry.npmjs.org/fs-extra/-/fs-extra-7.0.0.tgz",
      "integrity": "sha512-EglNDLRpmaTWiD/qraZn6HREAEAHJcJOmxNEYwq6xeMKnVMAy3GUcFB+wXt2C6k4CNvB/mP1y/U3dzvKKj5OtQ==",
      "dev": true,
      "requires": {
        "graceful-fs": "4.1.11",
        "jsonfile": "4.0.0",
        "universalify": "0.1.2"
      }
    },
    "graceful-fs": {
      "version": "4.1.11",
      "resolved": "https://registry.npmjs.org/graceful-fs/-/graceful-fs-4.1.11.tgz",
      "integrity": "sha1-Dovf5NHduIVNZOBOp8AOKgJuVlg=",
      "dev": true
    },
    "jsonfile": {
      "version": "4.0.0",
      "resolved": "https://registry.npmjs.org/jsonfile/-/jsonfile-4.0.0.tgz",
      "integrity": "sha1-h3Gq4HmbZAdrdmQPygWPnBDjPss=",
      "dev": true,
      "requires": {
        "graceful-fs": "4.1.11"
      }
    },
    "p-debounce": {
      "version": "1.0.0",
      "resolved": "https://registry.npmjs.org/p-debounce/-/p-debounce-1.0.0.tgz",
      "integrity": "sha1-y38svu/YegnrqGHhErZ1J+Yh4v0=",
      "dev": true
    },
    "temp-dir": {
      "version": "1.0.0",
      "resolved": "https://registry.npmjs.org/temp-dir/-/temp-dir-1.0.0.tgz",
      "integrity": "sha1-CnwOom06Oa+n4OvqnB/AvE2qAR0=",
      "dev": true
    },
    "tempy": {
      "version": "0.2.1",
      "resolved": "https://registry.npmjs.org/tempy/-/tempy-0.2.1.tgz",
      "integrity": "sha512-LB83o9bfZGrntdqPuRdanIVCPReam9SOZKW0fOy5I9X3A854GGWi0tjCqoXEk84XIEYBc/x9Hq3EFop/H5wJaw==",
      "dev": true,
      "requires": {
        "temp-dir": "1.0.0",
        "unique-string": "1.0.0"
      }
    },
    "typescript-language-server": {
      "version": "0.3.6",
      "resolved": "https://registry.npmjs.org/typescript-language-server/-/typescript-language-server-0.3.6.tgz",
      "integrity": "sha512-f+AP/EH9TqBEY43y5wYE3KD/2xouUS/GyJqLC9PYVhEjO2AJgmJw/jpCxM+KrJsKrzzYWqJCiJHdFhGY8yNSDg==",
      "dev": true,
      "requires": {
        "command-exists": "1.2.6",
        "commander": "2.19.0",
        "fs-extra": "7.0.0",
        "p-debounce": "1.0.0",
        "tempy": "0.2.1",
        "vscode-languageserver": "4.4.2",
        "vscode-uri": "1.0.6"
      }
    },
    "unique-string": {
      "version": "1.0.0",
      "resolved": "https://registry.npmjs.org/unique-string/-/unique-string-1.0.0.tgz",
      "integrity": "sha1-nhBXzKhRq7kzmPizOuGHuZyuwRo=",
      "dev": true,
      "requires": {
        "crypto-random-string": "1.0.0"
      }
    },
    "universalify": {
      "version": "0.1.2",
      "resolved": "https://registry.npmjs.org/universalify/-/universalify-0.1.2.tgz",
      "integrity": "sha512-rBJeI5CXAlmy1pV+617WB9J63U6XcazHHF2f2dbJix4XzpUF0RS3Zbj0FGIOCAva5P/d/GBOYaACQ1w+0azUkg==",
      "dev": true
    },
    "vscode-jsonrpc": {
      "version": "4.0.0",
      "resolved": "https://registry.npmjs.org/vscode-jsonrpc/-/vscode-jsonrpc-4.0.0.tgz",
      "integrity": "sha512-perEnXQdQOJMTDFNv+UF3h1Y0z4iSiaN9jIlb0OqIYgosPCZGYh/MCUlkFtV2668PL69lRDO32hmvL2yiidUYg==",
      "dev": true
    },
    "vscode-languageserver": {
      "version": "4.4.2",
      "resolved": "https://registry.npmjs.org/vscode-languageserver/-/vscode-languageserver-4.4.2.tgz",
      "integrity": "sha512-61y8Raevi9EigDgg9NelvT9cUAohiEbUl1LOwQQgOCAaNX62yKny/ddi0uC+FUTm4CzsjhBu+06R+vYgfCYReA==",
      "dev": true,
      "requires": {
        "vscode-languageserver-protocol": "3.13.0",
        "vscode-uri": "1.0.6"
      }
    },
    "vscode-languageserver-protocol": {
      "version": "3.13.0",
      "resolved": "https://registry.npmjs.org/vscode-languageserver-protocol/-/vscode-languageserver-protocol-3.13.0.tgz",
      "integrity": "sha512-2ZGKwI+P2ovQll2PGAp+2UfJH+FK9eait86VBUdkPd9HRlm8e58aYT9pV/NYanHOcp3pL6x2yTLVCFMcTer0mg==",
      "dev": true,
      "requires": {
        "vscode-jsonrpc": "4.0.0",
        "vscode-languageserver-types": "3.13.0"
      }
    },
    "vscode-languageserver-types": {
      "version": "3.13.0",
      "resolved": "https://registry.npmjs.org/vscode-languageserver-types/-/vscode-languageserver-types-3.13.0.tgz",
      "integrity": "sha512-BnJIxS+5+8UWiNKCP7W3g9FlE7fErFw0ofP5BXJe7c2tl0VeWh+nNHFbwAS2vmVC4a5kYxHBjRy0UeOtziemVA==",
      "dev": true
    },
    "vscode-uri": {
      "version": "1.0.6",
      "resolved": "https://registry.npmjs.org/vscode-uri/-/vscode-uri-1.0.6.tgz",
      "integrity": "sha512-sLI2L0uGov3wKVb9EB+vIQBl9tVP90nqRvxSoJ35vI3NjxE8jfsE5DSOhWgSunHSZmKS4OCi2jrtfxK7uyp2ww==",
      "dev": true
    }
  }
}
